// !$*UTF8*$!
{
	archiveVersion = 1;
	classes = {
	};
	objectVersion = 77;
	objects = {

/* Begin PBXContainerItemProxy section */
		FACB06332CFDFC7200FC10AD /* PBXContainerItemProxy */ = {
			isa = PBXContainerItemProxy;
			containerPortal = FACB061A2CFDFC7000FC10AD /* Project object */;
			proxyType = 1;
			remoteGlobalIDString = FACB06212CFDFC7000FC10AD;
			remoteInfo = SpotifyHeader;
		};
		FACB063D2CFDFC7300FC10AD /* PBXContainerItemProxy */ = {
			isa = PBXContainerItemProxy;
			containerPortal = FACB061A2CFDFC7000FC10AD /* Project object */;
			proxyType = 1;
			remoteGlobalIDString = FACB06212CFDFC7000FC10AD;
			remoteInfo = SpotifyHeader;
		};
/* End PBXContainerItemProxy section */

/* Begin PBXFileReference section */
		FACB06222CFDFC7000FC10AD /* SpotifyHeader.app */ = {isa = PBXFileReference; explicitFileType = wrapper.application; includeInIndex = 0; path = SpotifyHeader.app; sourceTree = BUILT_PRODUCTS_DIR; };
		FACB06322CFDFC7200FC10AD /* SpotifyHeaderTests.xctest */ = {isa = PBXFileReference; explicitFileType = wrapper.cfbundle; includeInIndex = 0; path = SpotifyHeaderTests.xctest; sourceTree = BUILT_PRODUCTS_DIR; };
		FACB063C2CFDFC7300FC10AD /* SpotifyHeaderUITests.xctest */ = {isa = PBXFileReference; explicitFileType = wrapper.cfbundle; includeInIndex = 0; path = SpotifyHeaderUITests.xctest; sourceTree = BUILT_PRODUCTS_DIR; };
/* End PBXFileReference section */

/* Begin PBXFileSystemSynchronizedRootGroup section */
		FACB06242CFDFC7000FC10AD /* SpotifyHeader */ = {
			isa = PBXFileSystemSynchronizedRootGroup;
			path = SpotifyHeader;
			sourceTree = "<group>";
		};
		FACB06352CFDFC7300FC10AD /* SpotifyHeaderTests */ = {
			isa = PBXFileSystemSynchronizedRootGroup;
			path = SpotifyHeaderTests;
			sourceTree = "<group>";
		};
		FACB063F2CFDFC7300FC10AD /* SpotifyHeaderUITests */ = {
			isa = PBXFileSystemSynchronizedRootGroup;
			path = SpotifyHeaderUITests;
			sourceTree = "<group>";
		};
/* End PBXFileSystemSynchronizedRootGroup section */

/* Begin PBXFrameworksBuildPhase section */
		FACB061F2CFDFC7000FC10AD /* Frameworks */ = {
			isa = PBXFrameworksBuildPhase;
			buildActionMask = 2147483647;
			files = (
			);
			runOnlyForDeploymentPostprocessing = 0;
		};
		FACB062F2CFDFC7200FC10AD /* Frameworks */ = {
			isa = PBXFrameworksBuildPhase;
			buildActionMask = 2147483647;
			files = (
			);
			runOnlyForDeploymentPostprocessing = 0;
		};
		FACB06392CFDFC7300FC10AD /* Frameworks */ = {
			isa = PBXFrameworksBuildPhase;
			buildActionMask = 2147483647;
			files = (
			);
			runOnlyForDeploymentPostprocessing = 0;
		};
/* End PBXFrameworksBuildPhase section */

/* Begin PBXGroup section */
		FACB06192CFDFC7000FC10AD = {
			isa = PBXGroup;
			children = (
				FACB06242CFDFC7000FC10AD /* SpotifyHeader */,
				FACB06352CFDFC7300FC10AD /* SpotifyHeaderTests */,
				FACB063F2CFDFC7300FC10AD /* SpotifyHeaderUITests */,
				FACB06232CFDFC7000FC10AD /* Products */,
			);
			sourceTree = "<group>";
		};
		FACB06232CFDFC7000FC10AD /* Products */ = {
			isa = PBXGroup;
			children = (
				FACB06222CFDFC7000FC10AD /* SpotifyHeader.app */,
				FACB06322CFDFC7200FC10AD /* SpotifyHeaderTests.xctest */,
				FACB063C2CFDFC7300FC10AD /* SpotifyHeaderUITests.xctest */,
			);
			name = Products;
			sourceTree = "<group>";
		};
/* End PBXGroup section */

/* Begin PBXNativeTarget section */
		FACB06212CFDFC7000FC10AD /* SpotifyHeader */ = {
			isa = PBXNativeTarget;
			buildConfigurationList = FACB06462CFDFC7300FC10AD /* Build configuration list for PBXNativeTarget "SpotifyHeader" */;
			buildPhases = (
				FACB061E2CFDFC7000FC10AD /* Sources */,
				FACB061F2CFDFC7000FC10AD /* Frameworks */,
				FACB06202CFDFC7000FC10AD /* Resources */,
			);
			buildRules = (
			);
			dependencies = (
			);
			fileSystemSynchronizedGroups = (
				FACB06242CFDFC7000FC10AD /* SpotifyHeader */,
			);
			name = SpotifyHeader;
			packageProductDependencies = (
			);
			productName = SpotifyHeader;
			productReference = FACB06222CFDFC7000FC10AD /* SpotifyHeader.app */;
			productType = "com.apple.product-type.application";
		};
		FACB06312CFDFC7200FC10AD /* SpotifyHeaderTests */ = {
			isa = PBXNativeTarget;
			buildConfigurationList = FACB06492CFDFC7300FC10AD /* Build configuration list for PBXNativeTarget "SpotifyHeaderTests" */;
			buildPhases = (
				FACB062E2CFDFC7200FC10AD /* Sources */,
				FACB062F2CFDFC7200FC10AD /* Frameworks */,
				FACB06302CFDFC7200FC10AD /* Resources */,
			);
			buildRules = (
			);
			dependencies = (
				FACB06342CFDFC7200FC10AD /* PBXTargetDependency */,
			);
			fileSystemSynchronizedGroups = (
				FACB06352CFDFC7300FC10AD /* SpotifyHeaderTests */,
			);
			name = SpotifyHeaderTests;
			packageProductDependencies = (
			);
			productName = SpotifyHeaderTests;
			productReference = FACB06322CFDFC7200FC10AD /* SpotifyHeaderTests.xctest */;
			productType = "com.apple.product-type.bundle.unit-test";
		};
		FACB063B2CFDFC7300FC10AD /* SpotifyHeaderUITests */ = {
			isa = PBXNativeTarget;
			buildConfigurationList = FACB064C2CFDFC7300FC10AD /* Build configuration list for PBXNativeTarget "SpotifyHeaderUITests" */;
			buildPhases = (
				FACB06382CFDFC7300FC10AD /* Sources */,
				FACB06392CFDFC7300FC10AD /* Frameworks */,
				FACB063A2CFDFC7300FC10AD /* Resources */,
			);
			buildRules = (
			);
			dependencies = (
				FACB063E2CFDFC7300FC10AD /* PBXTargetDependency */,
			);
			fileSystemSynchronizedGroups = (
				FACB063F2CFDFC7300FC10AD /* SpotifyHeaderUITests */,
			);
			name = SpotifyHeaderUITests;
			packageProductDependencies = (
			);
			productName = SpotifyHeaderUITests;
			productReference = FACB063C2CFDFC7300FC10AD /* SpotifyHeaderUITests.xctest */;
			productType = "com.apple.product-type.bundle.ui-testing";
		};
/* End PBXNativeTarget section */

/* Begin PBXProject section */
		FACB061A2CFDFC7000FC10AD /* Project object */ = {
			isa = PBXProject;
			attributes = {
				BuildIndependentTargetsInParallel = 1;
				LastSwiftUpdateCheck = 1600;
				LastUpgradeCheck = 1600;
				TargetAttributes = {
					FACB06212CFDFC7000FC10AD = {
						CreatedOnToolsVersion = 16.0;
					};
					FACB06312CFDFC7200FC10AD = {
						CreatedOnToolsVersion = 16.0;
						TestTargetID = FACB06212CFDFC7000FC10AD;
					};
					FACB063B2CFDFC7300FC10AD = {
						CreatedOnToolsVersion = 16.0;
						TestTargetID = FACB06212CFDFC7000FC10AD;
					};
				};
			};
			buildConfigurationList = FACB061D2CFDFC7000FC10AD /* Build configuration list for PBXProject "SpotifyHeader" */;
			developmentRegion = en;
			hasScannedForEncodings = 0;
			knownRegions = (
				en,
				Base,
			);
			mainGroup = FACB06192CFDFC7000FC10AD;
			minimizedProjectReferenceProxies = 1;
			preferredProjectObjectVersion = 77;
			productRefGroup = FACB06232CFDFC7000FC10AD /* Products */;
			projectDirPath = "";
			projectRoot = "";
			targets = (
				FACB06212CFDFC7000FC10AD /* SpotifyHeader */,
				FACB06312CFDFC7200FC10AD /* SpotifyHeaderTests */,
				FACB063B2CFDFC7300FC10AD /* SpotifyHeaderUITests */,
			);
		};
/* End PBXProject section */

/* Begin PBXResourcesBuildPhase section */
		FACB06202CFDFC7000FC10AD /* Resources */ = {
			isa = PBXResourcesBuildPhase;
			buildActionMask = 2147483647;
			files = (
			);
			runOnlyForDeploymentPostprocessing = 0;
		};
		FACB06302CFDFC7200FC10AD /* Resources */ = {
			isa = PBXResourcesBuildPhase;
			buildActionMask = 2147483647;
			files = (
			);
			runOnlyForDeploymentPostprocessing = 0;
		};
		FACB063A2CFDFC7300FC10AD /* Resources */ = {
			isa = PBXResourcesBuildPhase;
			buildActionMask = 2147483647;
			files = (
			);
			runOnlyForDeploymentPostprocessing = 0;
		};
/* End PBXResourcesBuildPhase section */

/* Begin PBXSourcesBuildPhase section */
		FACB061E2CFDFC7000FC10AD /* Sources */ = {
			isa = PBXSourcesBuildPhase;
			buildActionMask = 2147483647;
			files = (
			);
			runOnlyForDeploymentPostprocessing = 0;
		};
		FACB062E2CFDFC7200FC10AD /* Sources */ = {
			isa = PBXSourcesBuildPhase;
			buildActionMask = 2147483647;
			files = (
			);
			runOnlyForDeploymentPostprocessing = 0;
		};
		FACB06382CFDFC7300FC10AD /* Sources */ = {
			isa = PBXSourcesBuildPhase;
			buildActionMask = 2147483647;
			files = (
			);
			runOnlyForDeploymentPostprocessing = 0;
		};
/* End PBXSourcesBuildPhase section */

/* Begin PBXTargetDependency section */
		FACB06342CFDFC7200FC10AD /* PBXTargetDependency */ = {
			isa = PBXTargetDependency;
			target = FACB06212CFDFC7000FC10AD /* SpotifyHeader */;
			targetProxy = FACB06332CFDFC7200FC10AD /* PBXContainerItemProxy */;
		};
		FACB063E2CFDFC7300FC10AD /* PBXTargetDependency */ = {
			isa = PBXTargetDependency;
			target = FACB06212CFDFC7000FC10AD /* SpotifyHeader */;
			targetProxy = FACB063D2CFDFC7300FC10AD /* PBXContainerItemProxy */;
		};
/* End PBXTargetDependency section */

/* Begin XCBuildConfiguration section */
		FACB06442CFDFC7300FC10AD /* Debug */ = {
			isa = XCBuildConfiguration;
			buildSettings = {
				ALWAYS_SEARCH_USER_PATHS = NO;
				ASSETCATALOG_COMPILER_GENERATE_SWIFT_ASSET_SYMBOL_EXTENSIONS = YES;
				CLANG_ANALYZER_NONNULL = YES;
				CLANG_ANALYZER_NUMBER_OBJECT_CONVERSION = YES_AGGRESSIVE;
				CLANG_CXX_LANGUAGE_STANDARD = "gnu++20";
				CLANG_ENABLE_MODULES = YES;
				CLANG_ENABLE_OBJC_ARC = YES;
				CLANG_ENABLE_OBJC_WEAK = YES;
				CLANG_WARN_BLOCK_CAPTURE_AUTORELEASING = YES;
				CLANG_WARN_BOOL_CONVERSION = YES;
				CLANG_WARN_COMMA = YES;
				CLANG_WARN_CONSTANT_CONVERSION = YES;
				CLANG_WARN_DEPRECATED_OBJC_IMPLEMENTATIONS = YES;
				CLANG_WARN_DIRECT_OBJC_ISA_USAGE = YES_ERROR;
				CLANG_WARN_DOCUMENTATION_COMMENTS = YES;
				CLANG_WARN_EMPTY_BODY = YES;
				CLANG_WARN_ENUM_CONVERSION = YES;
				CLANG_WARN_INFINITE_RECURSION = YES;
				CLANG_WARN_INT_CONVERSION = YES;
				CLANG_WARN_NON_LITERAL_NULL_CONVERSION = YES;
				CLANG_WARN_OBJC_IMPLICIT_RETAIN_SELF = YES;
				CLANG_WARN_OBJC_LITERAL_CONVERSION = YES;
				CLANG_WARN_OBJC_ROOT_CLASS = YES_ERROR;
				CLANG_WARN_QUOTED_INCLUDE_IN_FRAMEWORK_HEADER = YES;
				CLANG_WARN_RANGE_LOOP_ANALYSIS = YES;
				CLANG_WARN_STRICT_PROTOTYPES = YES;
				CLANG_WARN_SUSPICIOUS_MOVE = YES;
				CLANG_WARN_UNGUARDED_AVAILABILITY = YES_AGGRESSIVE;
				CLANG_WARN_UNREACHABLE_CODE = YES;
				CLANG_WARN__DUPLICATE_METHOD_MATCH = YES;
				COPY_PHASE_STRIP = NO;
				DEBUG_INFORMATION_FORMAT = dwarf;
				ENABLE_STRICT_OBJC_MSGSEND = YES;
				ENABLE_TESTABILITY = YES;
				ENABLE_USER_SCRIPT_SANDBOXING = YES;
				GCC_C_LANGUAGE_STANDARD = gnu17;
				GCC_DYNAMIC_NO_PIC = NO;
				GCC_NO_COMMON_BLOCKS = YES;
				GCC_OPTIMIZATION_LEVEL = 0;
				GCC_PREPROCESSOR_DEFINITIONS = (
					"DEBUG=1",
					"$(inherited)",
				);
				GCC_WARN_64_TO_32_BIT_CONVERSION = YES;
				GCC_WARN_ABOUT_RETURN_TYPE = YES_ERROR;
				GCC_WARN_UNDECLARED_SELECTOR = YES;
				GCC_WARN_UNINITIALIZED_AUTOS = YES_AGGRESSIVE;
				GCC_WARN_UNUSED_FUNCTION = YES;
				GCC_WARN_UNUSED_VARIABLE = YES;
				IPHONEOS_DEPLOYMENT_TARGET = 18.0;
				LOCALIZATION_PREFERS_STRING_CATALOGS = YES;
				MTL_ENABLE_DEBUG_INFO = INCLUDE_SOURCE;
				MTL_FAST_MATH = YES;
				ONLY_ACTIVE_ARCH = YES;
				SDKROOT = iphoneos;
				SWIFT_ACTIVE_COMPILATION_CONDITIONS = "DEBUG $(inherited)";
				SWIFT_OPTIMIZATION_LEVEL = "-Onone";
			};
			name = Debug;
		};
		FACB06452CFDFC7300FC10AD /* Release */ = {
			isa = XCBuildConfiguration;
			buildSettings = {
				ALWAYS_SEARCH_USER_PATHS = NO;
				ASSETCATALOG_COMPILER_GENERATE_SWIFT_ASSET_SYMBOL_EXTENSIONS = YES;
				CLANG_ANALYZER_NONNULL = YES;
				CLANG_ANALYZER_NUMBER_OBJECT_CONVERSION = YES_AGGRESSIVE;
				CLANG_CXX_LANGUAGE_STANDARD = "gnu++20";
				CLANG_ENABLE_MODULES = YES;
				CLANG_ENABLE_OBJC_ARC = YES;
				CLANG_ENABLE_OBJC_WEAK = YES;
				CLANG_WARN_BLOCK_CAPTURE_AUTORELEASING = YES;
				CLANG_WARN_BOOL_CONVERSION = YES;
				CLANG_WARN_COMMA = YES;
				CLANG_WARN_CONSTANT_CONVERSION = YES;
				CLANG_WARN_DEPRECATED_OBJC_IMPLEMENTATIONS = YES;
				CLANG_WARN_DIRECT_OBJC_ISA_USAGE = YES_ERROR;
				CLANG_WARN_DOCUMENTATION_COMMENTS = YES;
				CLANG_WARN_EMPTY_BODY = YES;
				CLANG_WARN_ENUM_CONVERSION = YES;
				CLANG_WARN_INFINITE_RECURSION = YES;
				CLANG_WARN_INT_CONVERSION = YES;
				CLANG_WARN_NON_LITERAL_NULL_CONVERSION = YES;
				CLANG_WARN_OBJC_IMPLICIT_RETAIN_SELF = YES;
				CLANG_WARN_OBJC_LITERAL_CONVERSION = YES;
				CLANG_WARN_OBJC_ROOT_CLASS = YES_ERROR;
				CLANG_WARN_QUOTED_INCLUDE_IN_FRAMEWORK_HEADER = YES;
				CLANG_WARN_RANGE_LOOP_ANALYSIS = YES;
				CLANG_WARN_STRICT_PROTOTYPES = YES;
				CLANG_WARN_SUSPICIOUS_MOVE = YES;
				CLANG_WARN_UNGUARDED_AVAILABILITY = YES_AGGRESSIVE;
				CLANG_WARN_UNREACHABLE_CODE = YES;
				CLANG_WARN__DUPLICATE_METHOD_MATCH = YES;
				COPY_PHASE_STRIP = NO;
				DEBUG_INFORMATION_FORMAT = "dwarf-with-dsym";
				ENABLE_NS_ASSERTIONS = NO;
				ENABLE_STRICT_OBJC_MSGSEND = YES;
				ENABLE_USER_SCRIPT_SANDBOXING = YES;
				GCC_C_LANGUAGE_STANDARD = gnu17;
				GCC_NO_COMMON_BLOCKS = YES;
				GCC_WARN_64_TO_32_BIT_CONVERSION = YES;
				GCC_WARN_ABOUT_RETURN_TYPE = YES_ERROR;
				GCC_WARN_UNDECLARED_SELECTOR = YES;
				GCC_WARN_UNINITIALIZED_AUTOS = YES_AGGRESSIVE;
				GCC_WARN_UNUSED_FUNCTION = YES;
				GCC_WARN_UNUSED_VARIABLE = YES;
				IPHONEOS_DEPLOYMENT_TARGET = 18.0;
				LOCALIZATION_PREFERS_STRING_CATALOGS = YES;
				MTL_ENABLE_DEBUG_INFO = NO;
				MTL_FAST_MATH = YES;
				SDKROOT = iphoneos;
				SWIFT_COMPILATION_MODE = wholemodule;
				VALIDATE_PRODUCT = YES;
			};
			name = Release;
		};
		FACB06472CFDFC7300FC10AD /* Debug */ = {
			isa = XCBuildConfiguration;
			buildSettings = {
				ASSETCATALOG_COMPILER_APPICON_NAME = AppIcon;
				ASSETCATALOG_COMPILER_GLOBAL_ACCENT_COLOR_NAME = AccentColor;
				CODE_SIGN_STYLE = Automatic;
				CURRENT_PROJECT_VERSION = 1;
				DEVELOPMENT_ASSET_PATHS = "\"SpotifyHeader/Preview Content\"";
				DEVELOPMENT_TEAM = 56ZBSRTSDR;
				ENABLE_PREVIEWS = YES;
				GENERATE_INFOPLIST_FILE = YES;
				INFOPLIST_KEY_UIApplicationSceneManifest_Generation = YES;
				INFOPLIST_KEY_UIApplicationSupportsIndirectInputEvents = YES;
				INFOPLIST_KEY_UILaunchScreen_Generation = YES;
				INFOPLIST_KEY_UISupportedInterfaceOrientations_iPad = "UIInterfaceOrientationPortrait UIInterfaceOrientationPortraitUpsideDown UIInterfaceOrientationLandscapeLeft UIInterfaceOrientationLandscapeRight";
				INFOPLIST_KEY_UISupportedInterfaceOrientations_iPhone = "UIInterfaceOrientationPortrait UIInterfaceOrientationLandscapeLeft UIInterfaceOrientationLandscapeRight";
				LD_RUNPATH_SEARCH_PATHS = (
					"$(inherited)",
					"@executable_path/Frameworks",
				);
				MARKETING_VERSION = 1.0;
				PRODUCT_BUNDLE_IDENTIFIER = com.theappwizard.SpotifyHeader;
				PRODUCT_NAME = "$(TARGET_NAME)";
				SWIFT_EMIT_LOC_STRINGS = YES;
				SWIFT_VERSION = 5.0;
				TARGETED_DEVICE_FAMILY = "1,2";
			};
			name = Debug;
		};
		FACB06482CFDFC7300FC10AD /* Release */ = {
			isa = XCBuildConfiguration;
			buildSettings = {
				ASSETCATALOG_COMPILER_APPICON_NAME = AppIcon;
				ASSETCATALOG_COMPILER_GLOBAL_ACCENT_COLOR_NAME = AccentColor;
				CODE_SIGN_STYLE = Automatic;
				CURRENT_PROJECT_VERSION = 1;
				DEVELOPMENT_ASSET_PATHS = "\"SpotifyHeader/Preview Content\"";
				DEVELOPMENT_TEAM = 56ZBSRTSDR;
				ENABLE_PREVIEWS = YES;
				GENERATE_INFOPLIST_FILE = YES;
				INFOPLIST_KEY_UIApplicationSceneManifest_Generation = YES;
				INFOPLIST_KEY_UIApplicationSupportsIndirectInputEvents = YES;
				INFOPLIST_KEY_UILaunchScreen_Generation = YES;
				INFOPLIST_KEY_UISupportedInterfaceOrientations_iPad = "UIInterfaceOrientationPortrait UIInterfaceOrientationPortraitUpsideDown UIInterfaceOrientationLandscapeLeft UIInterfaceOrientationLandscapeRight";
				INFOPLIST_KEY_UISupportedInterfaceOrientations_iPhone = "UIInterfaceOrientationPortrait UIInterfaceOrientationLandscapeLeft UIInterfaceOrientationLandscapeRight";
				LD_RUNPATH_SEARCH_PATHS = (
					"$(inherited)",
					"@executable_path/Frameworks",
				);
				MARKETING_VERSION = 1.0;
				PRODUCT_BUNDLE_IDENTIFIER = com.theappwizard.SpotifyHeader;
				PRODUCT_NAME = "$(TARGET_NAME)";
				SWIFT_EMIT_LOC_STRINGS = YES;
				SWIFT_VERSION = 5.0;
				TARGETED_DEVICE_FAMILY = "1,2";
			};
			name = Release;
		};
		FACB064A2CFDFC7300FC10AD /* Debug */ = {
			isa = XCBuildConfiguration;
			buildSettings = {
				BUNDLE_LOADER = "$(TEST_HOST)";
				CODE_SIGN_STYLE = Automatic;
				CURRENT_PROJECT_VERSION = 1;
				DEVELOPMENT_TEAM = 56ZBSRTSDR;
				GENERATE_INFOPLIST_FILE = YES;
				IPHONEOS_DEPLOYMENT_TARGET = 18.0;
				MARKETING_VERSION = 1.0;
				PRODUCT_BUNDLE_IDENTIFIER = com.theappwizard.SpotifyHeaderTests;
				PRODUCT_NAME = "$(TARGET_NAME)";
				SWIFT_EMIT_LOC_STRINGS = NO;
				SWIFT_VERSION = 5.0;
				TARGETED_DEVICE_FAMILY = "1,2";
				TEST_HOST = "$(BUILT_PRODUCTS_DIR)/SpotifyHeader.app/$(BUNDLE_EXECUTABLE_FOLDER_PATH)/SpotifyHeader";
			};
			name = Debug;
		};
		FACB064B2CFDFC7300FC10AD /* Release */ = {
			isa = XCBuildConfiguration;
			buildSettings = {
				BUNDLE_LOADER = "$(TEST_HOST)";
				CODE_SIGN_STYLE = Automatic;
				CURRENT_PROJECT_VERSION = 1;
				DEVELOPMENT_TEAM = 56ZBSRTSDR;
				GENERATE_INFOPLIST_FILE = YES;
				IPHONEOS_DEPLOYMENT_TARGET = 18.0;
				MARKETING_VERSION = 1.0;
				PRODUCT_BUNDLE_IDENTIFIER = com.theappwizard.SpotifyHeaderTests;
				PRODUCT_NAME = "$(TARGET_NAME)";
				SWIFT_EMIT_LOC_STRINGS = NO;
				SWIFT_VERSION = 5.0;
				TARGETED_DEVICE_FAMILY = "1,2";
				TEST_HOST = "$(BUILT_PRODUCTS_DIR)/SpotifyHeader.app/$(BUNDLE_EXECUTABLE_FOLDER_PATH)/SpotifyHeader";
			};
			name = Release;
		};
		FACB064D2CFDFC7300FC10AD /* Debug */ = {
			isa = XCBuildConfiguration;
			buildSettings = {
				CODE_SIGN_STYLE = Automatic;
				CURRENT_PROJECT_VERSION = 1;
				DEVELOPMENT_TEAM = 56ZBSRTSDR;
				GENERATE_INFOPLIST_FILE = YES;
				MARKETING_VERSION = 1.0;
				PRODUCT_BUNDLE_IDENTIFIER = com.theappwizard.SpotifyHeaderUITests;
				PRODUCT_NAME = "$(TARGET_NAME)";
				SWIFT_EMIT_LOC_STRINGS = NO;
				SWIFT_VERSION = 5.0;
				TARGETED_DEVICE_FAMILY = "1,2";
				TEST_TARGET_NAME = SpotifyHeader;
			};
			name = Debug;
		};
		FACB064E2CFDFC7300FC10AD /* Release */ = {
			isa = XCBuildConfiguration;
			buildSettings = {
				CODE_SIGN_STYLE = Automatic;
				CURRENT_PROJECT_VERSION = 1;
				DEVELOPMENT_TEAM = 56ZBSRTSDR;
				GENERATE_INFOPLIST_FILE = YES;
				MARKETING_VERSION = 1.0;
				PRODUCT_BUNDLE_IDENTIFIER = com.theappwizard.SpotifyHeaderUITests;
				PRODUCT_NAME = "$(TARGET_NAME)";
				SWIFT_EMIT_LOC_STRINGS = NO;
				SWIFT_VERSION = 5.0;
				TARGETED_DEVICE_FAMILY = "1,2";
				TEST_TARGET_NAME = SpotifyHeader;
			};
			name = Release;
		};
/* End XCBuildConfiguration section */

/* Begin XCConfigurationList section */
		FACB061D2CFDFC7000FC10AD /* Build configuration list for PBXProject "SpotifyHeader" */ = {
			isa = XCConfigurationList;
			buildConfigurations = (
				FACB06442CFDFC7300FC10AD /* Debug */,
				FACB06452CFDFC7300FC10AD /* Release */,
			);
			defaultConfigurationIsVisible = 0;
			defaultConfigurationName = Release;
		};
		FACB06462CFDFC7300FC10AD /* Build configuration list for PBXNativeTarget "SpotifyHeader" */ = {
			isa = XCConfigurationList;
			buildConfigurations = (
				FACB06472CFDFC7300FC10AD /* Debug */,
				FACB06482CFDFC7300FC10AD /* Release */,
			);
			defaultConfigurationIsVisible = 0;
			defaultConfigurationName = Release;
		};
		FACB06492CFDFC7300FC10AD /* Build configuration list for PBXNativeTarget "SpotifyHeaderTests" */ = {
			isa = XCConfigurationList;
			buildConfigurations = (
				FACB064A2CFDFC7300FC10AD /* Debug */,
				FACB064B2CFDFC7300FC10AD /* Release */,
			);
			defaultConfigurationIsVisible = 0;
			defaultConfigurationName = Release;
		};
		FACB064C2CFDFC7300FC10AD /* Build configuration list for PBXNativeTarget "SpotifyHeaderUITests" */ = {
			isa = XCConfigurationList;
			buildConfigurations = (
				FACB064D2CFDFC7300FC10AD /* Debug */,
				FACB064E2CFDFC7300FC10AD /* Release */,
			);
			defaultConfigurationIsVisible = 0;
			defaultConfigurationName = Release;
		};
/* End XCConfigurationList section */
	};
	rootObject = FACB061A2CFDFC7000FC10AD /* Project object */;
}
